# THIS IS AN AUTOGENERATED FILE. DO NOT EDIT THIS FILE DIRECTLY.
# yarn lockfile v1


"@fingerprintjs/fingerprintjs-pro@^3.9.8":
  version "3.11.6"
  resolved "https://registry.yarnpkg.com/@fingerprintjs/fingerprintjs-pro/-/fingerprintjs-pro-3.11.6.tgz#1d3a8b1f662b5eeb45581bfee1f79601cc467eb2"
  dependencies:
    tslib "^2.4.1"

"@next/env@14.2.21":
  version "14.2.21"
  resolved "https://registry.yarnpkg.com/@next/env/-/env-14.2.21.tgz#09ff0813d29c596397e141205d4f5fd5c236bdd0"

"@next/swc-darwin-arm64@14.2.21":
  version "14.2.21"
  resolved "https://registry.yarnpkg.com/@next/swc-darwin-arm64/-/swc-darwin-arm64-14.2.21.tgz#32a31992aace1440981df9cf7cb3af7845d94fec"

"@next/swc-darwin-x64@14.2.21":
  version "14.2.21"
  resolved "https://registry.yarnpkg.com/@next/swc-darwin-x64/-/swc-darwin-x64-14.2.21.tgz#5ab4b3f6685b6b52f810d0f5cf6e471480ddffdb"

"@next/swc-linux-arm64-gnu@14.2.21":
  version "14.2.21"
  resolved "https://registry.yarnpkg.com/@next/swc-linux-arm64-gnu/-/swc-linux-arm64-gnu-14.2.21.tgz#8a0e1fa887aef19ca218af2af515d0a5ee67ba3f"

"@next/swc-linux-arm64-musl@14.2.21":
  version "14.2.21"
  resolved "https://registry.yarnpkg.com/@next/swc-linux-arm64-musl/-/swc-linux-arm64-musl-14.2.21.tgz#ddad844406b42fa8965fe11250abc85c1fe0fd05"

"@next/swc-linux-x64-gnu@14.2.21":
  version "14.2.21"
  resolved "https://registry.yarnpkg.com/@next/swc-linux-x64-gnu/-/swc-linux-x64-gnu-14.2.21.tgz#db55fd666f9ba27718f65caa54b622a912cdd16b"

"@next/swc-linux-x64-musl@14.2.21":
  version "14.2.21"
  resolved "https://registry.yarnpkg.com/@next/swc-linux-x64-musl/-/swc-linux-x64-musl-14.2.21.tgz#dddb850353624efcd58c4c4e30ad8a1aab379642"

"@next/swc-win32-arm64-msvc@14.2.21":
  version "14.2.21"
  resolved "https://registry.yarnpkg.com/@next/swc-win32-arm64-msvc/-/swc-win32-arm64-msvc-14.2.21.tgz#290012ee57b196d3d2d04853e6bf0179cae9fbaf"

"@next/swc-win32-ia32-msvc@14.2.21":
  version "14.2.21"
  resolved "https://registry.yarnpkg.com/@next/swc-win32-ia32-msvc/-/swc-win32-ia32-msvc-14.2.21.tgz#c959135a78cab18cca588d11d1e33bcf199590d4"

"@next/swc-win32-x64-msvc@14.2.21":
  version "14.2.21"
  resolved "https://registry.yarnpkg.com/@next/swc-win32-x64-msvc/-/swc-win32-x64-msvc-14.2.21.tgz#21ff892286555b90538a7d1b505ea21a005d6ead"

"@swc/counter@^0.1.3":
  version "0.1.3"
  resolved "https://registry.yarnpkg.com/@swc/counter/-/counter-0.1.3.tgz#cc7463bd02949611c6329596fccd2b0ec782b0e9"

"@swc/helpers@0.5.5":
  version "0.5.5"
  resolved "https://registry.yarnpkg.com/@swc/helpers/-/helpers-0.5.5.tgz#12689df71bfc9b21c4f4ca00ae55f2f16c8b77c0"
  dependencies:
    "@swc/counter" "^0.1.3"
    tslib "^2.4.0"

"@tensorflow/tfjs-core@1.7.0":
  version "1.7.0"
  resolved "https://registry.npmjs.org/@tensorflow/tfjs-core/-/tfjs-core-1.7.0.tgz"
  dependencies:
    "@types/offscreencanvas" "~2019.3.0"
    "@types/seedrandom" "2.4.27"
    "@types/webgl-ext" "0.0.30"
    "@types/webgl2" "0.0.4"
    node-fetch "~2.1.2"
    seedrandom "2.4.3"

"@types/offscreencanvas@~2019.3.0":
  version "2019.3.0"
  resolved "https://registry.npmjs.org/@types/offscreencanvas/-/offscreencanvas-2019.3.0.tgz"

"@types/seedrandom@2.4.27":
  version "2.4.27"
  resolved "https://registry.npmjs.org/@types/seedrandom/-/seedrandom-2.4.27.tgz"

"@types/webgl-ext@0.0.30":
  version "0.0.30"
  resolved "https://registry.npmjs.org/@types/webgl-ext/-/webgl-ext-0.0.30.tgz"

"@types/webgl2@0.0.4":
  version "0.0.4"
  resolved "https://registry.npmjs.org/@types/webgl2/-/webgl2-0.0.4.tgz"

busboy@1.6.0:
  version "1.6.0"
  resolved "https://registry.yarnpkg.com/busboy/-/busboy-1.6.0.tgz#966ea36a9502e43cdb9146962523b92f531f6893"
  dependencies:
    streamsearch "^1.1.0"

caniuse-lite@^1.0.30001579:
  version "1.0.30001692"
  resolved "https://registry.yarnpkg.com/caniuse-lite/-/caniuse-lite-1.0.30001692.tgz#4585729d95e6b95be5b439da6ab55250cd125bf9"

client-only@0.0.1:
  version "0.0.1"
  resolved "https://registry.yarnpkg.com/client-only/-/client-only-0.0.1.tgz#38bba5d403c41ab150bff64a95c85013cf73bca1"

compare-versions@^3.6.0:
  version "3.6.0"
  resolved "https://registry.npmjs.org/compare-versions/-/compare-versions-3.6.0.tgz"

crypto-es@^2.1.0:
  version "2.1.0"
  resolved "https://registry.yarnpkg.com/crypto-es/-/crypto-es-2.1.0.tgz#1095f324ffd7dc1ccab8e21d0960e17025da8ce9"

devtools-detector@^2.0.14:
  version "2.0.14"
  resolved "https://registry.npmjs.org/devtools-detector/-/devtools-detector-2.0.14.tgz"
  dependencies:
    compare-versions "^3.6.0"

face-api.js@^0.22.2:
  version "0.22.2"
  resolved "https://registry.npmjs.org/face-api.js/-/face-api.js-0.22.2.tgz"
  dependencies:
    "@tensorflow/tfjs-core" "1.7.0"
    tslib "^1.11.1"

graceful-fs@^4.2.11:
  version "4.2.11"
  resolved "https://registry.yarnpkg.com/graceful-fs/-/graceful-fs-4.2.11.tgz#4183e4e8bf08bb6e05bbb2f7d2e0c8f712ca40e3"

jose-browser-runtime@^3.20.2:
  version "3.20.4"
  resolved "https://registry.npmjs.org/jose-browser-runtime/-/jose-browser-runtime-3.20.4.tgz"

"js-tokens@^3.0.0 || ^4.0.0":
  version "4.0.0"
  resolved "https://registry.npmjs.org/js-tokens/-/js-tokens-4.0.0.tgz"

loose-envify@^1.1.0:
  version "1.4.0"
  resolved "https://registry.npmjs.org/loose-envify/-/loose-envify-1.4.0.tgz"
  dependencies:
    js-tokens "^3.0.0 || ^4.0.0"

nanoid@^3.3.6:
  version "3.3.8"
  resolved "https://registry.yarnpkg.com/nanoid/-/nanoid-3.3.8.tgz#b1be3030bee36aaff18bacb375e5cce521684baf"

next@14.2.21:
  version "14.2.21"
  resolved "https://registry.yarnpkg.com/next/-/next-14.2.21.tgz#f6da9e2abba1a0e4ca7a5273825daf06632554ba"
  dependencies:
    "@next/env" "14.2.21"
    "@swc/helpers" "0.5.5"
    busboy "1.6.0"
    caniuse-lite "^1.0.30001579"
    graceful-fs "^4.2.11"
    postcss "8.4.31"
    styled-jsx "5.1.1"
  optionalDependencies:
    "@next/swc-darwin-arm64" "14.2.21"
    "@next/swc-darwin-x64" "14.2.21"
    "@next/swc-linux-arm64-gnu" "14.2.21"
    "@next/swc-linux-arm64-musl" "14.2.21"
    "@next/swc-linux-x64-gnu" "14.2.21"
    "@next/swc-linux-x64-musl" "14.2.21"
    "@next/swc-win32-arm64-msvc" "14.2.21"
    "@next/swc-win32-ia32-msvc" "14.2.21"
    "@next/swc-win32-x64-msvc" "14.2.21"

node-fetch@~2.1.2:
  version "2.1.2"
  resolved "https://registry.npmjs.org/node-fetch/-/node-fetch-2.1.2.tgz"

picocolors@^1.0.0:
  version "1.0.0"
  resolved "https://registry.npmjs.org/picocolors/-/picocolors-1.0.0.tgz"

platform@^1.3.6:
  version "1.3.6"
  resolved "https://registry.npmjs.org/platform/-/platform-1.3.6.tgz"

postcss@8.4.31, postcss@^8.4.5:
  version "8.4.31"
  resolved "https://registry.yarnpkg.com/postcss/-/postcss-8.4.31.tgz#92b451050a9f914da6755af352bdc0192508656d"
  dependencies:
    nanoid "^3.3.6"
    picocolors "^1.0.0"
    source-map-js "^1.0.2"

react-dom@18.0.0:
  version "18.0.0"
  resolved "https://registry.npmjs.org/react-dom/-/react-dom-18.0.0.tgz"
  dependencies:
    loose-envify "^1.1.0"
    scheduler "^0.21.0"

react@18.0.0:
  version "18.0.0"
  resolved "https://registry.npmjs.org/react/-/react-18.0.0.tgz"
  dependencies:
    loose-envify "^1.1.0"

scheduler@^0.21.0:
  version "0.21.0"
  resolved "https://registry.npmjs.org/scheduler/-/scheduler-0.21.0.tgz"
  dependencies:
    loose-envify "^1.1.0"

seedrandom@2.4.3:
  version "2.4.3"
  resolved "https://registry.npmjs.org/seedrandom/-/seedrandom-2.4.3.tgz"

source-map-js@^1.0.2:
  version "1.0.2"
  resolved "https://registry.npmjs.org/source-map-js/-/source-map-js-1.0.2.tgz"

streamsearch@^1.1.0:
  version "1.1.0"
  resolved "https://registry.yarnpkg.com/streamsearch/-/streamsearch-1.1.0.tgz#404dd1e2247ca94af554e841a8ef0eaa238da764"

styled-jsx@5.1.1:
  version "5.1.1"
  resolved "https://registry.yarnpkg.com/styled-jsx/-/styled-jsx-5.1.1.tgz#839a1c3aaacc4e735fed0781b8619ea5d0009d1f"
  dependencies:
    client-only "0.0.1"

tslib@^1.11.1:
  version "1.14.1"
  resolved "https://registry.npmjs.org/tslib/-/tslib-1.14.1.tgz"

tslib@^2.4.0:
  version "2.5.0"
  resolved "https://registry.npmjs.org/tslib/-/tslib-2.5.0.tgz"

tslib@^2.4.1:
  version "2.8.1"
  resolved "https://registry.yarnpkg.com/tslib/-/tslib-2.8.1.tgz#612efe4ed235d567e8aba5f2a5fab70280ade83f"

unico-webframe@3.18.11:
  version "3.18.11"
  resolved "https://registry.yarnpkg.com/unico-webframe/-/unico-webframe-3.18.11.tgz#e94a2d9f1da74c6bece95e2c1e881eaf76032db7"
  dependencies:
    "@fingerprintjs/fingerprintjs-pro" "^3.9.8"
    crypto-es "^2.1.0"
    devtools-detector "^2.0.14"
    face-api.js "^0.22.2"
    jose-browser-runtime "^3.20.2"
    platform "^1.3.6"
    postcss "^8.4.5"
    uuid "^9.0.0"

uuid@^9.0.0:
  version "9.0.0"
  resolved "https://registry.npmjs.org/uuid/-/uuid-9.0.0.tgz"
